
Microsoft Visual Studio Solution File, Format Version 12.00
# Visual Studio Version 17
VisualStudioVersion = 17.8.34330.188
MinimumVisualStudioVersion = 10.0.40219.1
Project("{FAE04EC0-301F-11D3-BF4B-00C04F79EFBC}") = "Calculator_Self", "Calculator_Self.csproj", "{F4B0E071-EA8C-499E-8D46-D9F871A6B773}"
EndProject
Global
	GlobalSection(SolutionConfigurationPlatforms) = preSolution
		Debug|Any CPU = Debug|Any CPU
		Release|Any CPU = Release|Any CPU
	EndGlobalSection
	GlobalSection(ProjectConfigurationPlatforms) = postSolution
		{F4B0E071-EA8C-499E-8D46-D9F871A6B773}.Debug|Any CPU.ActiveCfg = Debug|Any CPU
		{F4B0E071-EA8C-499E-8D46-D9F871A6B773}.Debug|Any CPU.Build.0 = Debug|Any CPU
		{F4B0E071-EA8C-499E-8D46-D9F871A6B773}.Release|Any CPU.ActiveCfg = Release|Any CPU
		{F4B0E071-EA8C-499E-8D46-D9F871A6B773}.Release|Any CPU.Build.0 = Release|Any CPU
	EndGlobalSection
	GlobalSection(SolutionProperties) = preSolution
		HideSolutionNode = FALSE
	EndGlobalSection
	GlobalSection(ExtensibilityGlobals) = postSolution
		SolutionGuid = {8A2137EB-6F8B-48EC-9F07-FF7485263883}
	EndGlobalSection
EndGlobal
